{
  "name": "ai-coding-agent-set",
  "version": "0.1.0",
  "lockfileVersion": 3,
  "requires": true,
  "packages": {
    "": {
      "name": "ai-coding-agent-set",
      "version": "0.1.0",
      "license": "MIT",
      "bin": {
        "agent-set": "bin/agent-set.js",
        "ai-agent-set": "bin/agent-set.js"
      },
      "engines": {
        "node": ">=18"
      }
    }
  }
}
